
Microsoft Visual Studio Solution File, Format Version 12.00
# Visual Studio 15
VisualStudioVersion = 15.0.27004.2002
MinimumVisualStudioVersion = 10.0.40219.1
Project("{FAE04EC0-301F-11D3-BF4B-00C04F79EFBC}") = "SqlDemoConnection", "SqlDemoConnection\SqlDemoConnection.csproj", "{B6868A8E-8AA7-4D86-904D-FC0464F59059}"
EndProject
Global
	GlobalSection(SolutionConfigurationPlatforms) = preSolution
		Debug|Any CPU = Debug|Any CPU
		Release|Any CPU = Release|Any CPU
	EndGlobalSection
	GlobalSection(ProjectConfigurationPlatforms) = postSolution
		{B6868A8E-8AA7-4D86-904D-FC0464F59059}.Debug|Any CPU.ActiveCfg = Debug|Any CPU
		{B6868A8E-8AA7-4D86-904D-FC0464F59059}.Debug|Any CPU.Build.0 = Debug|Any CPU
		{B6868A8E-8AA7-4D86-904D-FC0464F59059}.Release|Any CPU.ActiveCfg = Release|Any CPU
		{B6868A8E-8AA7-4D86-904D-FC0464F59059}.Release|Any CPU.Build.0 = Release|Any CPU
	EndGlobalSection
	GlobalSection(SolutionProperties) = preSolution
		HideSolutionNode = FALSE
	EndGlobalSection
	GlobalSection(ExtensibilityGlobals) = postSolution
		SolutionGuid = {4A457FBE-455E-4E54-8BEB-A2322AFF87F8}
	EndGlobalSection
EndGlobal
